
Microsoft Visual Studio Solution File, Format Version 12.00
# Visual Studio Version 17
VisualStudioVersion = 17.7.34221.43
MinimumVisualStudioVersion = 10.0.40219.1
Project("{FAE04EC0-301F-11D3-BF4B-00C04F79EFBC}") = "EntityFramework", "EntityFramework.csproj", "{8486DC81-2B98-4674-9E13-E3EF4623F06F}"
EndProject
Global
	GlobalSection(SolutionConfigurationPlatforms) = preSolution
		Debug|Any CPU = Debug|Any CPU
		Release|Any CPU = Release|Any CPU
	EndGlobalSection
	GlobalSection(ProjectConfigurationPlatforms) = postSolution
		{8486DC81-2B98-4674-9E13-E3EF4623F06F}.Debug|Any CPU.ActiveCfg = Debug|Any CPU
		{8486DC81-2B98-4674-9E13-E3EF4623F06F}.Debug|Any CPU.Build.0 = Debug|Any CPU
		{8486DC81-2B98-4674-9E13-E3EF4623F06F}.Release|Any CPU.ActiveCfg = Release|Any CPU
		{8486DC81-2B98-4674-9E13-E3EF4623F06F}.Release|Any CPU.Build.0 = Release|Any CPU
	EndGlobalSection
	GlobalSection(SolutionProperties) = preSolution
		HideSolutionNode = FALSE
	EndGlobalSection
	GlobalSection(ExtensibilityGlobals) = postSolution
		SolutionGuid = {475A0031-9E8B-4CA4-96E0-D81B1E8488C5}
	EndGlobalSection
EndGlobal
